
Microsoft Visual Studio Solution File, Format Version 12.00
# Visual Studio Version 16
VisualStudioVersion = 16.0.30011.22
MinimumVisualStudioVersion = 10.0.40219.1
Project("{9A19103F-16F7-4668-BE54-9A1E7A4F7556}") = "PushStart_Console", "PushStart_Console.csproj", "{9961A89B-691A-4994-A5DD-BCE325D0319A}"
EndProject
Global
	GlobalSection(SolutionConfigurationPlatforms) = preSolution
		Debug|Any CPU = Debug|Any CPU
		Release|Any CPU = Release|Any CPU
	EndGlobalSection
	GlobalSection(ProjectConfigurationPlatforms) = postSolution
		{9961A89B-691A-4994-A5DD-BCE325D0319A}.Debug|Any CPU.ActiveCfg = Debug|Any CPU
		{9961A89B-691A-4994-A5DD-BCE325D0319A}.Debug|Any CPU.Build.0 = Debug|Any CPU
		{9961A89B-691A-4994-A5DD-BCE325D0319A}.Release|Any CPU.ActiveCfg = Release|Any CPU
		{9961A89B-691A-4994-A5DD-BCE325D0319A}.Release|Any CPU.Build.0 = Release|Any CPU
	EndGlobalSection
	GlobalSection(SolutionProperties) = preSolution
		HideSolutionNode = FALSE
	EndGlobalSection
	GlobalSection(ExtensibilityGlobals) = postSolution
		SolutionGuid = {0F951243-4220-4374-8BFF-C0E987242833}
	EndGlobalSection
EndGlobal
